<?xml version="1.0" encoding="UTF-8" standalone="yes" ?>
<CodeBlocks_project_file>
	<FileVersion major="1" minor="6" />
	<Project>
		<Option title="OCR - Math" />
		<Option pch_mode="2" />
		<Option compiler="gcc" />
		<Build>
			<Target title="Debug">
				<Option output="bin/Debug/OCR - Math" prefix_auto="1" extension_auto="1" />
				<Option object_output="obj/Debug/" />
				<Option type="1" />
				<Option compiler="gcc" />
				<Option parameters="-i /home/leonsbuddydave/testequation.jpg" />
				<Compiler>
					<Add option="-g" />
					<Add option="`pkg-config opencv --cflags`" />
				</Compiler>
				<Linker>
					<Add option="`pkg-config opencv --libs`" />
					<Add option="`pkg-config opencv cvblob --cflags --libs`" />
					<Add option="-lboost_filesystem" />
					<Add option="-lboost_system" />
				</Linker>
			</Target>
			<Target title="Release">
				<Option output="bin/Release/OCR - Math" prefix_auto="1" extension_auto="1" />
				<Option object_output="obj/Release/" />
				<Option type="1" />
				<Option compiler="gcc" />
				<Compiler>
					<Add option="-O2" />
				</Compiler>
				<Linker>
					<Add option="-s" />
				</Linker>
			</Target>
		</Build>
		<Compiler>
			<Add option="-Wall" />
			<Add option="-fexceptions" />
		</Compiler>
		<Unit filename="ImageMethods.cpp" />
		<Unit filename="ImageMethods.h" />
		<Unit filename="Interpreter.cpp" />
		<Unit filename="Interpreter.h" />
		<Unit filename="MethodsThatShouldBeStandard.cpp" />
		<Unit filename="MethodsThatShouldBeStandard.h" />
		<Unit filename="Teacher.cpp" />
		<Unit filename="Teacher.h" />
		<Unit filename="main.cpp" />
		<Extensions>
			<code_completion />
			<debugger />
		</Extensions>
	</Project>
</CodeBlocks_project_file>
